
Microsoft Visual Studio Solution File, Format Version 12.00
# Visual Studio Version 16
VisualStudioVersion = 16.0.30804.86
MinimumVisualStudioVersion = 10.0.40219.1
Project("{FAE04EC0-301F-11D3-BF4B-00C04F79EFBC}") = "Labs Compression", "Labs Compression\Labs Compression.csproj", "{A603D443-6CD1-4AB7-A691-D968FDA7AF96}"
EndProject
Global
	GlobalSection(SolutionConfigurationPlatforms) = preSolution
		Debug|Any CPU = Debug|Any CPU
		Release|Any CPU = Release|Any CPU
	EndGlobalSection
	GlobalSection(ProjectConfigurationPlatforms) = postSolution
		{A603D443-6CD1-4AB7-A691-D968FDA7AF96}.Debug|Any CPU.ActiveCfg = Debug|Any CPU
		{A603D443-6CD1-4AB7-A691-D968FDA7AF96}.Debug|Any CPU.Build.0 = Debug|Any CPU
		{A603D443-6CD1-4AB7-A691-D968FDA7AF96}.Release|Any CPU.ActiveCfg = Release|Any CPU
		{A603D443-6CD1-4AB7-A691-D968FDA7AF96}.Release|Any CPU.Build.0 = Release|Any CPU
	EndGlobalSection
	GlobalSection(SolutionProperties) = preSolution
		HideSolutionNode = FALSE
	EndGlobalSection
	GlobalSection(ExtensibilityGlobals) = postSolution
		SolutionGuid = {CE4D3B1D-CA6F-4047-A709-83A99AF9CAF5}
	EndGlobalSection
EndGlobal
